
Microsoft Visual Studio Solution File, Format Version 12.00
# Visual Studio Version 16
VisualStudioVersion = 16.0.29215.179
MinimumVisualStudioVersion = 10.0.40219.1
Project("{FAE04EC0-301F-11D3-BF4B-00C04F79EFBC}") = "OcrAppWPF", "OcrAppWPF\OcrAppWPF.csproj", "{C20E8B1C-3A3C-44B9-9EE0-93D909B1DD25}"
EndProject
Global
	GlobalSection(SolutionConfigurationPlatforms) = preSolution
		Debug|Any CPU = Debug|Any CPU
		Release|Any CPU = Release|Any CPU
	EndGlobalSection
	GlobalSection(ProjectConfigurationPlatforms) = postSolution
		{C20E8B1C-3A3C-44B9-9EE0-93D909B1DD25}.Debug|Any CPU.ActiveCfg = Debug|Any CPU
		{C20E8B1C-3A3C-44B9-9EE0-93D909B1DD25}.Debug|Any CPU.Build.0 = Debug|Any CPU
		{C20E8B1C-3A3C-44B9-9EE0-93D909B1DD25}.Release|Any CPU.ActiveCfg = Release|Any CPU
		{C20E8B1C-3A3C-44B9-9EE0-93D909B1DD25}.Release|Any CPU.Build.0 = Release|Any CPU
	EndGlobalSection
	GlobalSection(SolutionProperties) = preSolution
		HideSolutionNode = FALSE
	EndGlobalSection
	GlobalSection(ExtensibilityGlobals) = postSolution
		SolutionGuid = {6C9A8F87-4286-4FA2-AF40-F1F440505357}
	EndGlobalSection
EndGlobal
